
Microsoft Visual Studio Solution File, Format Version 12.00
# Visual Studio Version 17
VisualStudioVersion = 17.3.32825.248
MinimumVisualStudioVersion = 10.0.40219.1
Project("{8BC9CEB8-8B4A-11D0-8D11-00A0C91BC942}") = "补刀特训", "补刀特训.vcxproj", "{DA81E40A-344D-4B1C-A638-65129A2A487D}"
EndProject
Global
	GlobalSection(SolutionConfigurationPlatforms) = preSolution
		Debug|x64 = Debug|x64
		Debug|x86 = Debug|x86
		Release|x64 = Release|x64
		Release|x86 = Release|x86
	EndGlobalSection
	GlobalSection(ProjectConfigurationPlatforms) = postSolution
		{DA81E40A-344D-4B1C-A638-65129A2A487D}.Debug|x64.ActiveCfg = Debug|x64
		{DA81E40A-344D-4B1C-A638-65129A2A487D}.Debug|x64.Build.0 = Debug|x64
		{DA81E40A-344D-4B1C-A638-65129A2A487D}.Debug|x86.ActiveCfg = Debug|Win32
		{DA81E40A-344D-4B1C-A638-65129A2A487D}.Debug|x86.Build.0 = Debug|Win32
		{DA81E40A-344D-4B1C-A638-65129A2A487D}.Release|x64.ActiveCfg = Release|x64
		{DA81E40A-344D-4B1C-A638-65129A2A487D}.Release|x64.Build.0 = Release|x64
		{DA81E40A-344D-4B1C-A638-65129A2A487D}.Release|x86.ActiveCfg = Release|Win32
		{DA81E40A-344D-4B1C-A638-65129A2A487D}.Release|x86.Build.0 = Release|Win32
	EndGlobalSection
	GlobalSection(SolutionProperties) = preSolution
		HideSolutionNode = FALSE
	EndGlobalSection
	GlobalSection(ExtensibilityGlobals) = postSolution
		SolutionGuid = {F41E5DAB-3CB6-443D-9306-A62A5234BDDD}
	EndGlobalSection
EndGlobal
